
Microsoft Visual Studio Solution File, Format Version 12.00
# Visual Studio Version 17
VisualStudioVersion = 17.12.35707.178 d17.12
MinimumVisualStudioVersion = 10.0.40219.1
Project("{FAE04EC0-301F-11D3-BF4B-00C04F79EFBC}") = "Guia#2 programacion", "Guia#2 programacion\Guia#2 programacion.csproj", "{EE1A9C1D-F96E-4BF4-BB74-9D058C952733}"
EndProject
Global
	GlobalSection(SolutionConfigurationPlatforms) = preSolution
		Debug|Any CPU = Debug|Any CPU
		Release|Any CPU = Release|Any CPU
	EndGlobalSection
	GlobalSection(ProjectConfigurationPlatforms) = postSolution
		{EE1A9C1D-F96E-4BF4-BB74-9D058C952733}.Debug|Any CPU.ActiveCfg = Debug|Any CPU
		{EE1A9C1D-F96E-4BF4-BB74-9D058C952733}.Debug|Any CPU.Build.0 = Debug|Any CPU
		{EE1A9C1D-F96E-4BF4-BB74-9D058C952733}.Release|Any CPU.ActiveCfg = Release|Any CPU
		{EE1A9C1D-F96E-4BF4-BB74-9D058C952733}.Release|Any CPU.Build.0 = Release|Any CPU
	EndGlobalSection
	GlobalSection(SolutionProperties) = preSolution
		HideSolutionNode = FALSE
	EndGlobalSection
EndGlobal
